
Microsoft Visual Studio Solution File, Format Version 12.00
# Visual Studio Version 16
VisualStudioVersion = 16.0.31424.327
MinimumVisualStudioVersion = 10.0.40219.1
Project("{FAE04EC0-301F-11D3-BF4B-00C04F79EFBC}") = "SistemaBackupConsole", "SistemaBackupConsole\SistemaBackupConsole.csproj", "{FD327844-487D-4ACA-8350-39F2F660462E}"
EndProject
Global
	GlobalSection(SolutionConfigurationPlatforms) = preSolution
		Debug|Any CPU = Debug|Any CPU
		Release|Any CPU = Release|Any CPU
	EndGlobalSection
	GlobalSection(ProjectConfigurationPlatforms) = postSolution
		{FD327844-487D-4ACA-8350-39F2F660462E}.Debug|Any CPU.ActiveCfg = Debug|Any CPU
		{FD327844-487D-4ACA-8350-39F2F660462E}.Debug|Any CPU.Build.0 = Debug|Any CPU
		{FD327844-487D-4ACA-8350-39F2F660462E}.Release|Any CPU.ActiveCfg = Release|Any CPU
		{FD327844-487D-4ACA-8350-39F2F660462E}.Release|Any CPU.Build.0 = Release|Any CPU
	EndGlobalSection
	GlobalSection(SolutionProperties) = preSolution
		HideSolutionNode = FALSE
	EndGlobalSection
	GlobalSection(ExtensibilityGlobals) = postSolution
		SolutionGuid = {CF1CDC56-4A81-4E01-998A-2C0527AF254B}
	EndGlobalSection
EndGlobal
